
Microsoft Visual Studio Solution File, Format Version 12.00
# Visual Studio Version 17
VisualStudioVersion = 17.0.31903.59
MinimumVisualStudioVersion = 10.0.40219.1
Project("{FAE04EC0-301F-11D3-BF4B-00C04F79EFBC}") = "Student Information Management System", "Student Information Management System\Student Information Management System.csproj", "{B8365BEE-1AB0-4790-864F-E27EEFF7457A}"
EndProject
Global
	GlobalSection(SolutionConfigurationPlatforms) = preSolution
		Debug|Any CPU = Debug|Any CPU
		Release|Any CPU = Release|Any CPU
	EndGlobalSection
	GlobalSection(ProjectConfigurationPlatforms) = postSolution
		{B8365BEE-1AB0-4790-864F-E27EEFF7457A}.Debug|Any CPU.ActiveCfg = Debug|Any CPU
		{B8365BEE-1AB0-4790-864F-E27EEFF7457A}.Debug|Any CPU.Build.0 = Debug|Any CPU
		{B8365BEE-1AB0-4790-864F-E27EEFF7457A}.Release|Any CPU.ActiveCfg = Release|Any CPU
		{B8365BEE-1AB0-4790-864F-E27EEFF7457A}.Release|Any CPU.Build.0 = Release|Any CPU
	EndGlobalSection
	GlobalSection(SolutionProperties) = preSolution
		HideSolutionNode = FALSE
	EndGlobalSection
	GlobalSection(ExtensibilityGlobals) = postSolution
		SolutionGuid = {1ED93D45-EDCA-4870-A9FB-8B62A76A51C7}
	EndGlobalSection
EndGlobal
